// !$*UTF8*$!
{
	archiveVersion = 1;
	classes = {
	};
	objectVersion = 46;
	objects = {

/* Begin PBXBuildFile section */
		0025E96E400DDE7EC25CECB5 /* Pods_buildingTrades.framework in Frameworks */ = {isa = PBXBuildFile; fileRef = E8246E222DC2327FB081895B /* Pods_buildingTrades.framework */; };
		85D63854DC249B9CAC49A031 /* Pods_buildingTradesUITests.framework in Frameworks */ = {isa = PBXBuildFile; fileRef = 982DD0633404D855CD38B527 /* Pods_buildingTradesUITests.framework */; };
		8D190BE8736F56B62E0052D0 /* Pods_buildingTradesTests.framework in Frameworks */ = {isa = PBXBuildFile; fileRef = F16B40F8CFB959F576C9B042 /* Pods_buildingTradesTests.framework */; };
		CB1951DA201502FC001B2CFA /* ios_license.dms in Resources */ = {isa = PBXBuildFile; fileRef = CB1951D9201502FC001B2CFA /* ios_license.dms */; };
		CB1A8A2C1F54E00C0087F29F /* ContactsViewController.swift in Sources */ = {isa = PBXBuildFile; fileRef = CB1A8A2B1F54E00C0087F29F /* ContactsViewController.swift */; };
		CB1A8A2E1F54E51F0087F29F /* Contractors.swift in Sources */ = {isa = PBXBuildFile; fileRef = CB1A8A2D1F54E51F0087F29F /* Contractors.swift */; };
		CB1A8A301F54E6010087F29F /* ContractorTableViewCell.swift in Sources */ = {isa = PBXBuildFile; fileRef = CB1A8A2F1F54E6010087F29F /* ContractorTableViewCell.swift */; };
		CB1A8A321F54EC610087F29F /* AddContactsViewController.swift in Sources */ = {isa = PBXBuildFile; fileRef = CB1A8A311F54EC610087F29F /* AddContactsViewController.swift */; };
		CB1A8A451F54F63B0087F29F /* NotificationFile.swift in Sources */ = {isa = PBXBuildFile; fileRef = CB1A8A441F54F63B0087F29F /* NotificationFile.swift */; };
		CB1D74081FE86900002743BA /* WelcomeViewController.swift in Sources */ = {isa = PBXBuildFile; fileRef = CB1D74071FE86900002743BA /* WelcomeViewController.swift */; };
		CB2098D91FAFF4BF0067F8FA /* MenuTooViewController.swift in Sources */ = {isa = PBXBuildFile; fileRef = CB2098D81FAFF4BF0067F8FA /* MenuTooViewController.swift */; };
		CB2098DB1FAFF5EC0067F8FA /* MenuTableViewCell.swift in Sources */ = {isa = PBXBuildFile; fileRef = CB2098DA1FAFF5EC0067F8FA /* MenuTableViewCell.swift */; };
		CB22FA391F52428800973823 /* AppDelegate.swift in Sources */ = {isa = PBXBuildFile; fileRef = CB22FA381F52428800973823 /* AppDelegate.swift */; };
		CB22FA411F52428800973823 /* buildingTrades.xcdatamodeld in Sources */ = {isa = PBXBuildFile; fileRef = CB22FA3F1F52428800973823 /* buildingTrades.xcdatamodeld */; };
		CB22FA431F52428800973823 /* Assets.xcassets in Resources */ = {isa = PBXBuildFile; fileRef = CB22FA421F52428800973823 /* Assets.xcassets */; };
		CB22FA461F52428800973823 /* LaunchScreen.storyboard in Resources */ = {isa = PBXBuildFile; fileRef = CB22FA441F52428800973823 /* LaunchScreen.storyboard */; };
		CB22FA511F52428800973823 /* buildingTradesTests.swift in Sources */ = {isa = PBXBuildFile; fileRef = CB22FA501F52428800973823 /* buildingTradesTests.swift */; };
		CB22FA5C1F52428800973823 /* buildingTradesUITests.swift in Sources */ = {isa = PBXBuildFile; fileRef = CB22FA5B1F52428800973823 /* buildingTradesUITests.swift */; };
		CB36B8A01F5249EE00E0C706 /* SignUpViewController.swift in Sources */ = {isa = PBXBuildFile; fileRef = CB36B89F1F5249EE00E0C706 /* SignUpViewController.swift */; };
		CB36B8A21F524D3400E0C706 /* TableViewCell.swift in Sources */ = {isa = PBXBuildFile; fileRef = CB36B8A11F524D3400E0C706 /* TableViewCell.swift */; };
		CB36B8A41F524F2A00E0C706 /* MenuViewController.swift in Sources */ = {isa = PBXBuildFile; fileRef = CB36B8A31F524F2A00E0C706 /* MenuViewController.swift */; };
		CB36B8A61F5250C700E0C706 /* Website.swift in Sources */ = {isa = PBXBuildFile; fileRef = CB36B8A51F5250C700E0C706 /* Website.swift */; };
		CB36B8A81F52510600E0C706 /* Comments.swift in Sources */ = {isa = PBXBuildFile; fileRef = CB36B8A71F52510600E0C706 /* Comments.swift */; };
		CB4BE5BD1FB9C74A008CDD8C /* VideoPlayerViewController.swift in Sources */ = {isa = PBXBuildFile; fileRef = CB4BE5BC1FB9C74A008CDD8C /* VideoPlayerViewController.swift */; };
		CB4BE5BF1FB9C95A008CDD8C /* Media.swift in Sources */ = {isa = PBXBuildFile; fileRef = CB4BE5BE1FB9C95A008CDD8C /* Media.swift */; };
		CB4BE5C11FB9D45D008CDD8C /* EventsViewController.swift in Sources */ = {isa = PBXBuildFile; fileRef = CB4BE5C01FB9D45D008CDD8C /* EventsViewController.swift */; };
		CB4BE5C41FB9D497008CDD8C /* EventsDetailViewController.swift in Sources */ = {isa = PBXBuildFile; fileRef = CB4BE5C31FB9D497008CDD8C /* EventsDetailViewController.swift */; };
		CB5251891FAFD94800C49709 /* GoogleService-Info.plist in Resources */ = {isa = PBXBuildFile; fileRef = CB5251881FAFD94700C49709 /* GoogleService-Info.plist */; };
		CB52518B1FAFDD3000C49709 /* LoginViewController.swift in Sources */ = {isa = PBXBuildFile; fileRef = CB52518A1FAFDD3000C49709 /* LoginViewController.swift */; };
		CB54C56E1FB9FC5A00CE108F /* Info.plist in Resources */ = {isa = PBXBuildFile; fileRef = CB22FA471F52428800973823 /* Info.plist */; };
		CB819D361FBA702E00A94471 /* ios_license_old.dms in Resources */ = {isa = PBXBuildFile; fileRef = CB819D351FBA702E00A94471 /* ios_license_old.dms */; };
		CB819D381FBA713600A94471 /* ViewController.swift in Sources */ = {isa = PBXBuildFile; fileRef = CB819D371FBA713600A94471 /* ViewController.swift */; };
		CB97BAFA1FB91FF9004E1232 /* ImageWriterViewController.swift in Sources */ = {isa = PBXBuildFile; fileRef = CB97BAF91FB91FF9004E1232 /* ImageWriterViewController.swift */; };
		CB97BAFC1FB93428004E1232 /* Staff.swift in Sources */ = {isa = PBXBuildFile; fileRef = CB97BAFB1FB93428004E1232 /* Staff.swift */; };
		CBA6F0521F53C7E40049F821 /* Main.storyboard in Resources */ = {isa = PBXBuildFile; fileRef = CBA6F0501F53C7E40049F821 /* Main.storyboard */; };
		CBAA74C11F5326BC005D9C8C /* MapMainViewController.swift in Sources */ = {isa = PBXBuildFile; fileRef = CBAA74C01F5326BC005D9C8C /* MapMainViewController.swift */; };
		CBAA74C31F532BEF005D9C8C /* NodeLocations.swift in Sources */ = {isa = PBXBuildFile; fileRef = CBAA74C21F532BEF005D9C8C /* NodeLocations.swift */; };
		CBAA74C51F5340FD005D9C8C /* AddPinViewController.swift in Sources */ = {isa = PBXBuildFile; fileRef = CBAA74C41F5340FD005D9C8C /* AddPinViewController.swift */; };
		CBAA74C81F53A787005D9C8C /* CommentsTableViewCell.swift in Sources */ = {isa = PBXBuildFile; fileRef = CBAA74C71F53A787005D9C8C /* CommentsTableViewCell.swift */; };
		CBAA74CA1F53AF15005D9C8C /* SiteDetailViewController.swift in Sources */ = {isa = PBXBuildFile; fileRef = CBAA74C91F53AF15005D9C8C /* SiteDetailViewController.swift */; };
		CBAA74CC1F53B1C1005D9C8C /* CommentPostViewController.swift in Sources */ = {isa = PBXBuildFile; fileRef = CBAA74CB1F53B1C1005D9C8C /* CommentPostViewController.swift */; };
		CBEB97111FB903BC005DCF04 /* UserAccountViewController.swift in Sources */ = {isa = PBXBuildFile; fileRef = CBEB97101FB903BC005DCF04 /* UserAccountViewController.swift */; };
		CBECD0C61FB96A0300277347 /* ResourcesViewController.swift in Sources */ = {isa = PBXBuildFile; fileRef = CBECD0C51FB96A0300277347 /* ResourcesViewController.swift */; };
		CBECD0C81FB96E8100277347 /* PDFReadViewController.swift in Sources */ = {isa = PBXBuildFile; fileRef = CBECD0C71FB96E8100277347 /* PDFReadViewController.swift */; };
		CBECD0CC1FB974F600277347 /* WebsiteViewController.swift in Sources */ = {isa = PBXBuildFile; fileRef = CBECD0CB1FB974F600277347 /* WebsiteViewController.swift */; };
		CBECD0CE1FB9764600277347 /* FacebookViewController.swift in Sources */ = {isa = PBXBuildFile; fileRef = CBECD0CD1FB9764600277347 /* FacebookViewController.swift */; };
		CBECD0D01FB9C65100277347 /* VideoViewController.swift in Sources */ = {isa = PBXBuildFile; fileRef = CBECD0CF1FB9C65100277347 /* VideoViewController.swift */; };
/* End PBXBuildFile section */

/* Begin PBXContainerItemProxy section */
		CB22FA4D1F52428800973823 /* PBXContainerItemProxy */ = {
			isa = PBXContainerItemProxy;
			containerPortal = CB22FA2D1F52428800973823 /* Project object */;
			proxyType = 1;
			remoteGlobalIDString = CB22FA341F52428800973823;
			remoteInfo = buildingTrades;
		};
		CB22FA581F52428800973823 /* PBXContainerItemProxy */ = {
			isa = PBXContainerItemProxy;
			containerPortal = CB22FA2D1F52428800973823 /* Project object */;
			proxyType = 1;
			remoteGlobalIDString = CB22FA341F52428800973823;
			remoteInfo = buildingTrades;
		};
/* End PBXContainerItemProxy section */

/* Begin PBXCopyFilesBuildPhase section */
		CB1A8A431F54F5F30087F29F /* Embed App Extensions */ = {
			isa = PBXCopyFilesBuildPhase;
			buildActionMask = 2147483647;
			dstPath = "";
			dstSubfolderSpec = 13;
			files = (
			);
			name = "Embed App Extensions";
			runOnlyForDeploymentPostprocessing = 0;
		};
/* End PBXCopyFilesBuildPhase section */

/* Begin PBXFileReference section */
		038FFFBFA04A33FBD00980FA /* Pods-buildingTradesTests.release.xcconfig */ = {isa = PBXFileReference; includeInIndex = 1; lastKnownFileType = text.xcconfig; name = "Pods-buildingTradesTests.release.xcconfig"; path = "Pods/Target Support Files/Pods-buildingTradesTests/Pods-buildingTradesTests.release.xcconfig"; sourceTree = "<group>"; };
		03E703F5EAF1DFACA5808245 /* Pods-buildingTradesUITests.release.xcconfig */ = {isa = PBXFileReference; includeInIndex = 1; lastKnownFileType = text.xcconfig; name = "Pods-buildingTradesUITests.release.xcconfig"; path = "Pods/Target Support Files/Pods-buildingTradesUITests/Pods-buildingTradesUITests.release.xcconfig"; sourceTree = "<group>"; };
		0DDB50442C3F1F756711C482 /* Pods-buildingTrades.debug.xcconfig */ = {isa = PBXFileReference; includeInIndex = 1; lastKnownFileType = text.xcconfig; name = "Pods-buildingTrades.debug.xcconfig"; path = "Pods/Target Support Files/Pods-buildingTrades/Pods-buildingTrades.debug.xcconfig"; sourceTree = "<group>"; };
		2F12C70433F39F7656305185 /* Pods-buildingTradesTests.debug.xcconfig */ = {isa = PBXFileReference; includeInIndex = 1; lastKnownFileType = text.xcconfig; name = "Pods-buildingTradesTests.debug.xcconfig"; path = "Pods/Target Support Files/Pods-buildingTradesTests/Pods-buildingTradesTests.debug.xcconfig"; sourceTree = "<group>"; };
		95270A9BB86F2E85F52FB35C /* Pods_buildingTrades_OneSignalNotificationServiceExtension.framework */ = {isa = PBXFileReference; explicitFileType = wrapper.framework; includeInIndex = 0; path = Pods_buildingTrades_OneSignalNotificationServiceExtension.framework; sourceTree = BUILT_PRODUCTS_DIR; };
		97E113C140C99DB3A4CFABC5 /* Pods-buildingTrades.release.xcconfig */ = {isa = PBXFileReference; includeInIndex = 1; lastKnownFileType = text.xcconfig; name = "Pods-buildingTrades.release.xcconfig"; path = "Pods/Target Support Files/Pods-buildingTrades/Pods-buildingTrades.release.xcconfig"; sourceTree = "<group>"; };
		982DD0633404D855CD38B527 /* Pods_buildingTradesUITests.framework */ = {isa = PBXFileReference; explicitFileType = wrapper.framework; includeInIndex = 0; path = Pods_buildingTradesUITests.framework; sourceTree = BUILT_PRODUCTS_DIR; };
		CB1951D9201502FC001B2CFA /* ios_license.dms */ = {isa = PBXFileReference; fileEncoding = 4; lastKnownFileType = text; name = ios_license.dms; path = ../../Downloads/ios_license.dms; sourceTree = "<group>"; };
		CB1A8A2B1F54E00C0087F29F /* ContactsViewController.swift */ = {isa = PBXFileReference; fileEncoding = 4; lastKnownFileType = sourcecode.swift; path = ContactsViewController.swift; sourceTree = "<group>"; };
		CB1A8A2D1F54E51F0087F29F /* Contractors.swift */ = {isa = PBXFileReference; fileEncoding = 4; lastKnownFileType = sourcecode.swift; path = Contractors.swift; sourceTree = "<group>"; };
		CB1A8A2F1F54E6010087F29F /* ContractorTableViewCell.swift */ = {isa = PBXFileReference; fileEncoding = 4; lastKnownFileType = sourcecode.swift; path = ContractorTableViewCell.swift; sourceTree = "<group>"; };
		CB1A8A311F54EC610087F29F /* AddContactsViewController.swift */ = {isa = PBXFileReference; fileEncoding = 4; lastKnownFileType = sourcecode.swift; path = AddContactsViewController.swift; sourceTree = "<group>"; };
		CB1A8A331F54F3700087F29F /* buildingTrades.entitlements */ = {isa = PBXFileReference; lastKnownFileType = text.plist.entitlements; path = buildingTrades.entitlements; sourceTree = "<group>"; };
		CB1A8A441F54F63B0087F29F /* NotificationFile.swift */ = {isa = PBXFileReference; fileEncoding = 4; lastKnownFileType = sourcecode.swift; path = NotificationFile.swift; sourceTree = "<group>"; };
		CB1D74071FE86900002743BA /* WelcomeViewController.swift */ = {isa = PBXFileReference; lastKnownFileType = sourcecode.swift; path = WelcomeViewController.swift; sourceTree = "<group>"; };
		CB2098D81FAFF4BF0067F8FA /* MenuTooViewController.swift */ = {isa = PBXFileReference; lastKnownFileType = sourcecode.swift; path = MenuTooViewController.swift; sourceTree = "<group>"; };
		CB2098DA1FAFF5EC0067F8FA /* MenuTableViewCell.swift */ = {isa = PBXFileReference; lastKnownFileType = sourcecode.swift; path = MenuTableViewCell.swift; sourceTree = "<group>"; };
		CB22FA351F52428800973823 /* buildingTrades.app */ = {isa = PBXFileReference; explicitFileType = wrapper.application; includeInIndex = 0; path = buildingTrades.app; sourceTree = BUILT_PRODUCTS_DIR; };
		CB22FA381F52428800973823 /* AppDelegate.swift */ = {isa = PBXFileReference; lastKnownFileType = sourcecode.swift; path = AppDelegate.swift; sourceTree = "<group>"; };
		CB22FA401F52428800973823 /* buildingTrades.xcdatamodel */ = {isa = PBXFileReference; lastKnownFileType = wrapper.xcdatamodel; path = buildingTrades.xcdatamodel; sourceTree = "<group>"; };
		CB22FA421F52428800973823 /* Assets.xcassets */ = {isa = PBXFileReference; lastKnownFileType = folder.assetcatalog; path = Assets.xcassets; sourceTree = "<group>"; };
		CB22FA451F52428800973823 /* Base */ = {isa = PBXFileReference; lastKnownFileType = file.storyboard; name = Base; path = Base.lproj/LaunchScreen.storyboard; sourceTree = "<group>"; };
		CB22FA471F52428800973823 /* Info.plist */ = {isa = PBXFileReference; lastKnownFileType = text.plist.xml; path = Info.plist; sourceTree = "<group>"; };
		CB22FA4C1F52428800973823 /* buildingTradesTests.xctest */ = {isa = PBXFileReference; explicitFileType = wrapper.cfbundle; includeInIndex = 0; path = buildingTradesTests.xctest; sourceTree = BUILT_PRODUCTS_DIR; };
		CB22FA501F52428800973823 /* buildingTradesTests.swift */ = {isa = PBXFileReference; lastKnownFileType = sourcecode.swift; path = buildingTradesTests.swift; sourceTree = "<group>"; };
		CB22FA521F52428800973823 /* Info.plist */ = {isa = PBXFileReference; lastKnownFileType = text.plist.xml; path = Info.plist; sourceTree = "<group>"; };
		CB22FA571F52428800973823 /* buildingTradesUITests.xctest */ = {isa = PBXFileReference; explicitFileType = wrapper.cfbundle; includeInIndex = 0; path = buildingTradesUITests.xctest; sourceTree = BUILT_PRODUCTS_DIR; };
		CB22FA5B1F52428800973823 /* buildingTradesUITests.swift */ = {isa = PBXFileReference; lastKnownFileType = sourcecode.swift; path = buildingTradesUITests.swift; sourceTree = "<group>"; };
		CB22FA5D1F52428800973823 /* Info.plist */ = {isa = PBXFileReference; lastKnownFileType = text.plist.xml; path = Info.plist; sourceTree = "<group>"; };
		CB36B89F1F5249EE00E0C706 /* SignUpViewController.swift */ = {isa = PBXFileReference; fileEncoding = 4; lastKnownFileType = sourcecode.swift; path = SignUpViewController.swift; sourceTree = "<group>"; };
		CB36B8A11F524D3400E0C706 /* TableViewCell.swift */ = {isa = PBXFileReference; fileEncoding = 4; lastKnownFileType = sourcecode.swift; path = TableViewCell.swift; sourceTree = "<group>"; };
		CB36B8A31F524F2A00E0C706 /* MenuViewController.swift */ = {isa = PBXFileReference; fileEncoding = 4; lastKnownFileType = sourcecode.swift; path = MenuViewController.swift; sourceTree = "<group>"; };
		CB36B8A51F5250C700E0C706 /* Website.swift */ = {isa = PBXFileReference; fileEncoding = 4; lastKnownFileType = sourcecode.swift; path = Website.swift; sourceTree = "<group>"; };
		CB36B8A71F52510600E0C706 /* Comments.swift */ = {isa = PBXFileReference; fileEncoding = 4; lastKnownFileType = sourcecode.swift; path = Comments.swift; sourceTree = "<group>"; };
		CB4BE5BC1FB9C74A008CDD8C /* VideoPlayerViewController.swift */ = {isa = PBXFileReference; lastKnownFileType = sourcecode.swift; path = VideoPlayerViewController.swift; sourceTree = "<group>"; };
		CB4BE5BE1FB9C95A008CDD8C /* Media.swift */ = {isa = PBXFileReference; lastKnownFileType = sourcecode.swift; path = Media.swift; sourceTree = "<group>"; };
		CB4BE5C01FB9D45D008CDD8C /* EventsViewController.swift */ = {isa = PBXFileReference; lastKnownFileType = sourcecode.swift; path = EventsViewController.swift; sourceTree = "<group>"; };
		CB4BE5C31FB9D497008CDD8C /* EventsDetailViewController.swift */ = {isa = PBXFileReference; lastKnownFileType = sourcecode.swift; path = EventsDetailViewController.swift; sourceTree = "<group>"; };
		CB5251881FAFD94700C49709 /* GoogleService-Info.plist */ = {isa = PBXFileReference; fileEncoding = 4; lastKnownFileType = text.plist.xml; path = "GoogleService-Info.plist"; sourceTree = "<group>"; };
		CB52518A1FAFDD3000C49709 /* LoginViewController.swift */ = {isa = PBXFileReference; lastKnownFileType = sourcecode.swift; path = LoginViewController.swift; sourceTree = "<group>"; };
		CB819D351FBA702E00A94471 /* ios_license_old.dms */ = {isa = PBXFileReference; fileEncoding = 4; lastKnownFileType = text; path = ios_license_old.dms; sourceTree = "<group>"; };
		CB819D371FBA713600A94471 /* ViewController.swift */ = {isa = PBXFileReference; lastKnownFileType = sourcecode.swift; path = ViewController.swift; sourceTree = "<group>"; };
		CB97BAF91FB91FF9004E1232 /* ImageWriterViewController.swift */ = {isa = PBXFileReference; lastKnownFileType = sourcecode.swift; path = ImageWriterViewController.swift; sourceTree = "<group>"; };
		CB97BAFB1FB93428004E1232 /* Staff.swift */ = {isa = PBXFileReference; lastKnownFileType = sourcecode.swift; path = Staff.swift; sourceTree = "<group>"; };
		CBA6F0511F53C7E40049F821 /* Base */ = {isa = PBXFileReference; lastKnownFileType = file.storyboard; name = Base; path = Base.lproj/Main.storyboard; sourceTree = "<group>"; };
		CBAA74C01F5326BC005D9C8C /* MapMainViewController.swift */ = {isa = PBXFileReference; fileEncoding = 4; lastKnownFileType = sourcecode.swift; path = MapMainViewController.swift; sourceTree = "<group>"; };
		CBAA74C21F532BEF005D9C8C /* NodeLocations.swift */ = {isa = PBXFileReference; fileEncoding = 4; lastKnownFileType = sourcecode.swift; path = NodeLocations.swift; sourceTree = "<group>"; };
		CBAA74C41F5340FD005D9C8C /* AddPinViewController.swift */ = {isa = PBXFileReference; fileEncoding = 4; lastKnownFileType = sourcecode.swift; path = AddPinViewController.swift; sourceTree = "<group>"; };
		CBAA74C71F53A787005D9C8C /* CommentsTableViewCell.swift */ = {isa = PBXFileReference; fileEncoding = 4; lastKnownFileType = sourcecode.swift; path = CommentsTableViewCell.swift; sourceTree = "<group>"; };
		CBAA74C91F53AF15005D9C8C /* SiteDetailViewController.swift */ = {isa = PBXFileReference; fileEncoding = 4; lastKnownFileType = sourcecode.swift; path = SiteDetailViewController.swift; sourceTree = "<group>"; };
		CBAA74CB1F53B1C1005D9C8C /* CommentPostViewController.swift */ = {isa = PBXFileReference; fileEncoding = 4; lastKnownFileType = sourcecode.swift; path = CommentPostViewController.swift; sourceTree = "<group>"; };
		CBBAA2131FB90ADE003B7851 /* PhotosUI.framework */ = {isa = PBXFileReference; lastKnownFileType = wrapper.framework; name = PhotosUI.framework; path = System/Library/Frameworks/PhotosUI.framework; sourceTree = SDKROOT; };
		CBBAA2151FB90ADE003B7851 /* Photos.framework */ = {isa = PBXFileReference; lastKnownFileType = wrapper.framework; name = Photos.framework; path = System/Library/Frameworks/Photos.framework; sourceTree = SDKROOT; };
		CBEB97101FB903BC005DCF04 /* UserAccountViewController.swift */ = {isa = PBXFileReference; lastKnownFileType = sourcecode.swift; path = UserAccountViewController.swift; sourceTree = "<group>"; };
		CBECD0C51FB96A0300277347 /* ResourcesViewController.swift */ = {isa = PBXFileReference; lastKnownFileType = sourcecode.swift; path = ResourcesViewController.swift; sourceTree = "<group>"; };
		CBECD0C71FB96E8100277347 /* PDFReadViewController.swift */ = {isa = PBXFileReference; lastKnownFileType = sourcecode.swift; path = PDFReadViewController.swift; sourceTree = "<group>"; };
		CBECD0CB1FB974F600277347 /* WebsiteViewController.swift */ = {isa = PBXFileReference; lastKnownFileType = sourcecode.swift; path = WebsiteViewController.swift; sourceTree = "<group>"; };
		CBECD0CD1FB9764600277347 /* FacebookViewController.swift */ = {isa = PBXFileReference; lastKnownFileType = sourcecode.swift; name = FacebookViewController.swift; path = buildingTrades/FacebookViewController.swift; sourceTree = "<group>"; };
		CBECD0CF1FB9C65100277347 /* VideoViewController.swift */ = {isa = PBXFileReference; lastKnownFileType = sourcecode.swift; path = VideoViewController.swift; sourceTree = "<group>"; };
		D15C599694367BA8BB2D6F0B /* Pods-buildingTradesUITests.debug.xcconfig */ = {isa = PBXFileReference; includeInIndex = 1; lastKnownFileType = text.xcconfig; name = "Pods-buildingTradesUITests.debug.xcconfig"; path = "Pods/Target Support Files/Pods-buildingTradesUITests/Pods-buildingTradesUITests.debug.xcconfig"; sourceTree = "<group>"; };
		E8246E222DC2327FB081895B /* Pods_buildingTrades.framework */ = {isa = PBXFileReference; explicitFileType = wrapper.framework; includeInIndex = 0; path = Pods_buildingTrades.framework; sourceTree = BUILT_PRODUCTS_DIR; };
		F16B40F8CFB959F576C9B042 /* Pods_buildingTradesTests.framework */ = {isa = PBXFileReference; explicitFileType = wrapper.framework; includeInIndex = 0; path = Pods_buildingTradesTests.framework; sourceTree = BUILT_PRODUCTS_DIR; };
/* End PBXFileReference section */

/* Begin PBXFrameworksBuildPhase section */
		CB22FA321F52428800973823 /* Frameworks */ = {
			isa = PBXFrameworksBuildPhase;
			buildActionMask = 2147483647;
			files = (
				0025E96E400DDE7EC25CECB5 /* Pods_buildingTrades.framework in Frameworks */,
			);
			runOnlyForDeploymentPostprocessing = 0;
		};
		CB22FA491F52428800973823 /* Frameworks */ = {
			isa = PBXFrameworksBuildPhase;
			buildActionMask = 2147483647;
			files = (
				8D190BE8736F56B62E0052D0 /* Pods_buildingTradesTests.framework in Frameworks */,
			);
			runOnlyForDeploymentPostprocessing = 0;
		};
		CB22FA541F52428800973823 /* Frameworks */ = {
			isa = PBXFrameworksBuildPhase;
			buildActionMask = 2147483647;
			files = (
				85D63854DC249B9CAC49A031 /* Pods_buildingTradesUITests.framework in Frameworks */,
			);
			runOnlyForDeploymentPostprocessing = 0;
		};
/* End PBXFrameworksBuildPhase section */

/* Begin PBXGroup section */
		1463C0026F773AE00A255497 /* Frameworks */ = {
			isa = PBXGroup;
			children = (
				E8246E222DC2327FB081895B /* Pods_buildingTrades.framework */,
				F16B40F8CFB959F576C9B042 /* Pods_buildingTradesTests.framework */,
				982DD0633404D855CD38B527 /* Pods_buildingTradesUITests.framework */,
				95270A9BB86F2E85F52FB35C /* Pods_buildingTrades_OneSignalNotificationServiceExtension.framework */,
				CBBAA2131FB90ADE003B7851 /* PhotosUI.framework */,
				CBBAA2151FB90ADE003B7851 /* Photos.framework */,
			);
			name = Frameworks;
			sourceTree = "<group>";
		};
		867F554F6D0B06588A0F6286 /* Pods */ = {
			isa = PBXGroup;
			children = (
				0DDB50442C3F1F756711C482 /* Pods-buildingTrades.debug.xcconfig */,
				97E113C140C99DB3A4CFABC5 /* Pods-buildingTrades.release.xcconfig */,
				2F12C70433F39F7656305185 /* Pods-buildingTradesTests.debug.xcconfig */,
				038FFFBFA04A33FBD00980FA /* Pods-buildingTradesTests.release.xcconfig */,
				D15C599694367BA8BB2D6F0B /* Pods-buildingTradesUITests.debug.xcconfig */,
				03E703F5EAF1DFACA5808245 /* Pods-buildingTradesUITests.release.xcconfig */,
			);
			name = Pods;
			sourceTree = "<group>";
		};
		CB22FA2C1F52428800973823 = {
			isa = PBXGroup;
			children = (
				CB819D351FBA702E00A94471 /* ios_license_old.dms */,
				CB1951D9201502FC001B2CFA /* ios_license.dms */,
				CBECD0CD1FB9764600277347 /* FacebookViewController.swift */,
				CB22FA371F52428800973823 /* buildingTrades */,
				CB22FA4F1F52428800973823 /* buildingTradesTests */,
				CB22FA5A1F52428800973823 /* buildingTradesUITests */,
				CB22FA361F52428800973823 /* Products */,
				867F554F6D0B06588A0F6286 /* Pods */,
				1463C0026F773AE00A255497 /* Frameworks */,
			);
			sourceTree = "<group>";
		};
		CB22FA361F52428800973823 /* Products */ = {
			isa = PBXGroup;
			children = (
				CB22FA351F52428800973823 /* buildingTrades.app */,
				CB22FA4C1F52428800973823 /* buildingTradesTests.xctest */,
				CB22FA571F52428800973823 /* buildingTradesUITests.xctest */,
			);
			name = Products;
			sourceTree = "<group>";
		};
		CB22FA371F52428800973823 /* buildingTrades */ = {
			isa = PBXGroup;
			children = (
				CB5251881FAFD94700C49709 /* GoogleService-Info.plist */,
				CB1A8A331F54F3700087F29F /* buildingTrades.entitlements */,
				CB22FA381F52428800973823 /* AppDelegate.swift */,
				CBA6F0501F53C7E40049F821 /* Main.storyboard */,
				CB1D74071FE86900002743BA /* WelcomeViewController.swift */,
				CB819D371FBA713600A94471 /* ViewController.swift */,
				CB4BE5C51FB9D49F008CDD8C /* Events */,
				CB4BE5C21FB9D465008CDD8C /* videos */,
				CBECD0C91FB973A400277347 /* Resources */,
				CBECD0CA1FB973C200277347 /* contacts */,
				CBAA74C61F53A679005D9C8C /* map */,
				CB36B8AB1F53254A00E0C706 /* models */,
				CB36B8AC1F53256700E0C706 /* navigation */,
				CB22FA421F52428800973823 /* Assets.xcassets */,
				CB22FA441F52428800973823 /* LaunchScreen.storyboard */,
				CB22FA471F52428800973823 /* Info.plist */,
				CB22FA3F1F52428800973823 /* buildingTrades.xcdatamodeld */,
				CB1A8A441F54F63B0087F29F /* NotificationFile.swift */,
			);
			path = buildingTrades;
			sourceTree = "<group>";
		};
		CB22FA4F1F52428800973823 /* buildingTradesTests */ = {
			isa = PBXGroup;
			children = (
				CB22FA501F52428800973823 /* buildingTradesTests.swift */,
				CB22FA521F52428800973823 /* Info.plist */,
			);
			path = buildingTradesTests;
			sourceTree = "<group>";
		};
		CB22FA5A1F52428800973823 /* buildingTradesUITests */ = {
			isa = PBXGroup;
			children = (
				CB22FA5B1F52428800973823 /* buildingTradesUITests.swift */,
				CB22FA5D1F52428800973823 /* Info.plist */,
			);
			path = buildingTradesUITests;
			sourceTree = "<group>";
		};
		CB36B8AB1F53254A00E0C706 /* models */ = {
			isa = PBXGroup;
			children = (
				CB1A8A2D1F54E51F0087F29F /* Contractors.swift */,
				CBAA74C21F532BEF005D9C8C /* NodeLocations.swift */,
				CB36B8A51F5250C700E0C706 /* Website.swift */,
				CB36B8A71F52510600E0C706 /* Comments.swift */,
				CB97BAFB1FB93428004E1232 /* Staff.swift */,
				CB4BE5BE1FB9C95A008CDD8C /* Media.swift */,
			);
			name = models;
			sourceTree = "<group>";
		};
		CB36B8AC1F53256700E0C706 /* navigation */ = {
			isa = PBXGroup;
			children = (
				CBEB97101FB903BC005DCF04 /* UserAccountViewController.swift */,
				CBECD0CB1FB974F600277347 /* WebsiteViewController.swift */,
				CB36B8A11F524D3400E0C706 /* TableViewCell.swift */,
				CB36B8A31F524F2A00E0C706 /* MenuViewController.swift */,
				CB36B89F1F5249EE00E0C706 /* SignUpViewController.swift */,
				CB52518A1FAFDD3000C49709 /* LoginViewController.swift */,
				CB2098D81FAFF4BF0067F8FA /* MenuTooViewController.swift */,
				CB2098DA1FAFF5EC0067F8FA /* MenuTableViewCell.swift */,
			);
			name = navigation;
			sourceTree = "<group>";
		};
		CB4BE5C21FB9D465008CDD8C /* videos */ = {
			isa = PBXGroup;
			children = (
				CB4BE5BC1FB9C74A008CDD8C /* VideoPlayerViewController.swift */,
				CBECD0CF1FB9C65100277347 /* VideoViewController.swift */,
			);
			name = videos;
			sourceTree = "<group>";
		};
		CB4BE5C51FB9D49F008CDD8C /* Events */ = {
			isa = PBXGroup;
			children = (
				CB4BE5C31FB9D497008CDD8C /* EventsDetailViewController.swift */,
				CB4BE5C01FB9D45D008CDD8C /* EventsViewController.swift */,
			);
			name = Events;
			sourceTree = "<group>";
		};
		CBAA74C61F53A679005D9C8C /* map */ = {
			isa = PBXGroup;
			children = (
				CBAA74CB1F53B1C1005D9C8C /* CommentPostViewController.swift */,
				CBAA74C91F53AF15005D9C8C /* SiteDetailViewController.swift */,
				CBAA74C71F53A787005D9C8C /* CommentsTableViewCell.swift */,
				CBAA74C41F5340FD005D9C8C /* AddPinViewController.swift */,
				CBAA74C01F5326BC005D9C8C /* MapMainViewController.swift */,
			);
			name = map;
			sourceTree = "<group>";
		};
		CBECD0C91FB973A400277347 /* Resources */ = {
			isa = PBXGroup;
			children = (
				CBECD0C71FB96E8100277347 /* PDFReadViewController.swift */,
				CBECD0C51FB96A0300277347 /* ResourcesViewController.swift */,
			);
			name = Resources;
			sourceTree = "<group>";
		};
		CBECD0CA1FB973C200277347 /* contacts */ = {
			isa = PBXGroup;
			children = (
				CB1A8A2F1F54E6010087F29F /* ContractorTableViewCell.swift */,
				CB1A8A2B1F54E00C0087F29F /* ContactsViewController.swift */,
				CB1A8A311F54EC610087F29F /* AddContactsViewController.swift */,
				CB97BAF91FB91FF9004E1232 /* ImageWriterViewController.swift */,
			);
			path = contacts;
			sourceTree = "<group>";
		};
/* End PBXGroup section */

/* Begin PBXNativeTarget section */
		CB22FA341F52428800973823 /* buildingTrades */ = {
			isa = PBXNativeTarget;
			buildConfigurationList = CB22FA601F52428800973823 /* Build configuration list for PBXNativeTarget "buildingTrades" */;
			buildPhases = (
				037902E42A3A7C3B98459AB3 /* [CP] Check Pods Manifest.lock */,
				CB22FA311F52428800973823 /* Sources */,
				CB22FA321F52428800973823 /* Frameworks */,
				E5FC537FB0F2CFAE4B510BCC /* [CP] Embed Pods Frameworks */,
				C840FEBC06C6A418DBD8ECF8 /* [CP] Copy Pods Resources */,
				CB1A8A431F54F5F30087F29F /* Embed App Extensions */,
				CB22FA331F52428800973823 /* Resources */,
			);
			buildRules = (
			);
			dependencies = (
			);
			name = buildingTrades;
			productName = buildingTrades;
			productReference = CB22FA351F52428800973823 /* buildingTrades.app */;
			productType = "com.apple.product-type.application";
		};
		CB22FA4B1F52428800973823 /* buildingTradesTests */ = {
			isa = PBXNativeTarget;
			buildConfigurationList = CB22FA631F52428800973823 /* Build configuration list for PBXNativeTarget "buildingTradesTests" */;
			buildPhases = (
				D20126EBFB1E6FC83B96A6B2 /* [CP] Check Pods Manifest.lock */,
				CB22FA481F52428800973823 /* Sources */,
				CB22FA491F52428800973823 /* Frameworks */,
				CB22FA4A1F52428800973823 /* Resources */,
				CAB4014959FEA656FDF6C258 /* [CP] Embed Pods Frameworks */,
				D4020FBE2635753415267F4F /* [CP] Copy Pods Resources */,
			);
			buildRules = (
			);
			dependencies = (
				CB22FA4E1F52428800973823 /* PBXTargetDependency */,
			);
			name = buildingTradesTests;
			productName = buildingTradesTests;
			productReference = CB22FA4C1F52428800973823 /* buildingTradesTests.xctest */;
			productType = "com.apple.product-type.bundle.unit-test";
		};
		CB22FA561F52428800973823 /* buildingTradesUITests */ = {
			isa = PBXNativeTarget;
			buildConfigurationList = CB22FA661F52428800973823 /* Build configuration list for PBXNativeTarget "buildingTradesUITests" */;
			buildPhases = (
				F80F185766A7CEC3693D8C59 /* [CP] Check Pods Manifest.lock */,
				CB22FA531F52428800973823 /* Sources */,
				CB22FA541F52428800973823 /* Frameworks */,
				CB22FA551F52428800973823 /* Resources */,
				B8F66BCA30646C53A18AF04A /* [CP] Embed Pods Frameworks */,
				92BCB8DF0CD258996D6D46CB /* [CP] Copy Pods Resources */,
			);
			buildRules = (
			);
			dependencies = (
				CB22FA591F52428800973823 /* PBXTargetDependency */,
			);
			name = buildingTradesUITests;
			productName = buildingTradesUITests;
			productReference = CB22FA571F52428800973823 /* buildingTradesUITests.xctest */;
			productType = "com.apple.product-type.bundle.ui-testing";
		};
/* End PBXNativeTarget section */

/* Begin PBXProject section */
		CB22FA2D1F52428800973823 /* Project object */ = {
			isa = PBXProject;
			attributes = {
				LastSwiftUpdateCheck = 0910;
				LastUpgradeCheck = 0830;
				ORGANIZATIONNAME = "Allison Mcentire";
				TargetAttributes = {
					CB22FA341F52428800973823 = {
						CreatedOnToolsVersion = 8.3.3;
						DevelopmentTeam = V243T33UAS;
						ProvisioningStyle = Automatic;
						SystemCapabilities = {
							com.apple.BackgroundModes = {
								enabled = 1;
							};
							com.apple.Push = {
								enabled = 1;
							};
						};
					};
					CB22FA4B1F52428800973823 = {
						CreatedOnToolsVersion = 8.3.3;
						DevelopmentTeam = V243T33UAS;
						ProvisioningStyle = Automatic;
						TestTargetID = CB22FA341F52428800973823;
					};
					CB22FA561F52428800973823 = {
						CreatedOnToolsVersion = 8.3.3;
						DevelopmentTeam = V243T33UAS;
						ProvisioningStyle = Automatic;
						TestTargetID = CB22FA341F52428800973823;
					};
				};
			};
			buildConfigurationList = CB22FA301F52428800973823 /* Build configuration list for PBXProject "buildingTrades" */;
			compatibilityVersion = "Xcode 3.2";
			developmentRegion = English;
			hasScannedForEncodings = 0;
			knownRegions = (
				en,
				Base,
			);
			mainGroup = CB22FA2C1F52428800973823;
			productRefGroup = CB22FA361F52428800973823 /* Products */;
			projectDirPath = "";
			projectRoot = "";
			targets = (
				CB22FA341F52428800973823 /* buildingTrades */,
				CB22FA4B1F52428800973823 /* buildingTradesTests */,
				CB22FA561F52428800973823 /* buildingTradesUITests */,
			);
		};
/* End PBXProject section */

/* Begin PBXResourcesBuildPhase section */
		CB22FA331F52428800973823 /* Resources */ = {
			isa = PBXResourcesBuildPhase;
			buildActionMask = 2147483647;
			files = (
				CB819D361FBA702E00A94471 /* ios_license_old.dms in Resources */,
				CB22FA461F52428800973823 /* LaunchScreen.storyboard in Resources */,
				CB1951DA201502FC001B2CFA /* ios_license.dms in Resources */,
				CB5251891FAFD94800C49709 /* GoogleService-Info.plist in Resources */,
				CB22FA431F52428800973823 /* Assets.xcassets in Resources */,
				CB54C56E1FB9FC5A00CE108F /* Info.plist in Resources */,
				CBA6F0521F53C7E40049F821 /* Main.storyboard in Resources */,
			);
			runOnlyForDeploymentPostprocessing = 0;
		};
		CB22FA4A1F52428800973823 /* Resources */ = {
			isa = PBXResourcesBuildPhase;
			buildActionMask = 2147483647;
			files = (
			);
			runOnlyForDeploymentPostprocessing = 0;
		};
		CB22FA551F52428800973823 /* Resources */ = {
			isa = PBXResourcesBuildPhase;
			buildActionMask = 2147483647;
			files = (
			);
			runOnlyForDeploymentPostprocessing = 0;
		};
/* End PBXResourcesBuildPhase section */

/* Begin PBXShellScriptBuildPhase section */
		037902E42A3A7C3B98459AB3 /* [CP] Check Pods Manifest.lock */ = {
			isa = PBXShellScriptBuildPhase;
			buildActionMask = 2147483647;
			files = (
			);
			inputPaths = (
				"${PODS_PODFILE_DIR_PATH}/Podfile.lock",
				"${PODS_ROOT}/Manifest.lock",
			);
			name = "[CP] Check Pods Manifest.lock";
			outputPaths = (
				"$(DERIVED_FILE_DIR)/Pods-buildingTrades-checkManifestLockResult.txt",
			);
			runOnlyForDeploymentPostprocessing = 0;
			shellPath = /bin/sh;
			shellScript = "diff \"${PODS_PODFILE_DIR_PATH}/Podfile.lock\" \"${PODS_ROOT}/Manifest.lock\" > /dev/null\nif [ $? != 0 ] ; then\n    # print error to STDERR\n    echo \"error: The sandbox is not in sync with the Podfile.lock. Run 'pod install' or update your CocoaPods installation.\" >&2\n    exit 1\nfi\n# This output is used by Xcode 'outputs' to avoid re-running this script phase.\necho \"SUCCESS\" > \"${SCRIPT_OUTPUT_FILE_0}\"\n";
			showEnvVarsInLog = 0;
		};
		92BCB8DF0CD258996D6D46CB /* [CP] Copy Pods Resources */ = {
			isa = PBXShellScriptBuildPhase;
			buildActionMask = 2147483647;
			files = (
			);
			inputPaths = (
			);
			name = "[CP] Copy Pods Resources";
			outputPaths = (
			);
			runOnlyForDeploymentPostprocessing = 0;
			shellPath = /bin/sh;
			shellScript = "\"${SRCROOT}/Pods/Target Support Files/Pods-buildingTradesUITests/Pods-buildingTradesUITests-resources.sh\"\n";
			showEnvVarsInLog = 0;
		};
		B8F66BCA30646C53A18AF04A /* [CP] Embed Pods Frameworks */ = {
			isa = PBXShellScriptBuildPhase;
			buildActionMask = 2147483647;
			files = (
			);
			inputPaths = (
			);
			name = "[CP] Embed Pods Frameworks";
			outputPaths = (
			);
			runOnlyForDeploymentPostprocessing = 0;
			shellPath = /bin/sh;
			shellScript = "\"${SRCROOT}/Pods/Target Support Files/Pods-buildingTradesUITests/Pods-buildingTradesUITests-frameworks.sh\"\n";
			showEnvVarsInLog = 0;
		};
		C840FEBC06C6A418DBD8ECF8 /* [CP] Copy Pods Resources */ = {
			isa = PBXShellScriptBuildPhase;
			buildActionMask = 2147483647;
			files = (
			);
			inputPaths = (
			);
			name = "[CP] Copy Pods Resources";
			outputPaths = (
			);
			runOnlyForDeploymentPostprocessing = 0;
			shellPath = /bin/sh;
			shellScript = "\"${SRCROOT}/Pods/Target Support Files/Pods-buildingTrades/Pods-buildingTrades-resources.sh\"\n";
			showEnvVarsInLog = 0;
		};
		CAB4014959FEA656FDF6C258 /* [CP] Embed Pods Frameworks */ = {
			isa = PBXShellScriptBuildPhase;
			buildActionMask = 2147483647;
			files = (
			);
			inputPaths = (
			);
			name = "[CP] Embed Pods Frameworks";
			outputPaths = (
			);
			runOnlyForDeploymentPostprocessing = 0;
			shellPath = /bin/sh;
			shellScript = "\"${SRCROOT}/Pods/Target Support Files/Pods-buildingTradesTests/Pods-buildingTradesTests-frameworks.sh\"\n";
			showEnvVarsInLog = 0;
		};
		D20126EBFB1E6FC83B96A6B2 /* [CP] Check Pods Manifest.lock */ = {
			isa = PBXShellScriptBuildPhase;
			buildActionMask = 2147483647;
			files = (
			);
			inputPaths = (
				"${PODS_PODFILE_DIR_PATH}/Podfile.lock",
				"${PODS_ROOT}/Manifest.lock",
			);
			name = "[CP] Check Pods Manifest.lock";
			outputPaths = (
				"$(DERIVED_FILE_DIR)/Pods-buildingTradesTests-checkManifestLockResult.txt",
			);
			runOnlyForDeploymentPostprocessing = 0;
			shellPath = /bin/sh;
			shellScript = "diff \"${PODS_PODFILE_DIR_PATH}/Podfile.lock\" \"${PODS_ROOT}/Manifest.lock\" > /dev/null\nif [ $? != 0 ] ; then\n    # print error to STDERR\n    echo \"error: The sandbox is not in sync with the Podfile.lock. Run 'pod install' or update your CocoaPods installation.\" >&2\n    exit 1\nfi\n# This output is used by Xcode 'outputs' to avoid re-running this script phase.\necho \"SUCCESS\" > \"${SCRIPT_OUTPUT_FILE_0}\"\n";
			showEnvVarsInLog = 0;
		};
		D4020FBE2635753415267F4F /* [CP] Copy Pods Resources */ = {
			isa = PBXShellScriptBuildPhase;
			buildActionMask = 2147483647;
			files = (
			);
			inputPaths = (
			);
			name = "[CP] Copy Pods Resources";
			outputPaths = (
			);
			runOnlyForDeploymentPostprocessing = 0;
			shellPath = /bin/sh;
			shellScript = "\"${SRCROOT}/Pods/Target Support Files/Pods-buildingTradesTests/Pods-buildingTradesTests-resources.sh\"\n";
			showEnvVarsInLog = 0;
		};
		E5FC537FB0F2CFAE4B510BCC /* [CP] Embed Pods Frameworks */ = {
			isa = PBXShellScriptBuildPhase;
			buildActionMask = 12;
			files = (
			);
			inputPaths = (
				"${SRCROOT}/Pods/Target Support Files/Pods-buildingTrades/Pods-buildingTrades-frameworks.sh",
				"${BUILT_PRODUCTS_DIR}/Alamofire/Alamofire.framework",
				"${BUILT_PRODUCTS_DIR}/AlamofireImage/AlamofireImage.framework",
				"${BUILT_PRODUCTS_DIR}/GTMSessionFetcher/GTMSessionFetcher.framework",
				"${BUILT_PRODUCTS_DIR}/GoogleToolboxForMac/GoogleToolboxForMac.framework",
				"${BUILT_PRODUCTS_DIR}/JSONHelper/JSONHelper.framework",
				"${BUILT_PRODUCTS_DIR}/PDFReader/PDFReader.framework",
				"${PODS_ROOT}/PhotoEditorSDK/pesdk-ios-build-8.2.0/PhotoEditorSDK.framework",
				"${PODS_ROOT}/PhotoEditorSDK/pesdk-ios-build-8.2.0/PhotoEditorSDK.framework.dSYM",
				"${BUILT_PRODUCTS_DIR}/Protobuf/Protobuf.framework",
				"${BUILT_PRODUCTS_DIR}/SDWebImage/SDWebImage.framework",
				"${BUILT_PRODUCTS_DIR}/SwiftyJSON/SwiftyJSON.framework",
				"${BUILT_PRODUCTS_DIR}/TTTAttributedLabel/TTTAttributedLabel.framework",
				"${BUILT_PRODUCTS_DIR}/YouTubePlayer/YouTubePlayer.framework",
				"${BUILT_PRODUCTS_DIR}/iOSPhotoEditor/iOSPhotoEditor.framework",
				"${BUILT_PRODUCTS_DIR}/leveldb-library/leveldb.framework",
				"${BUILT_PRODUCTS_DIR}/nanopb/nanopb.framework",
			);
			name = "[CP] Embed Pods Frameworks";
			outputPaths = (
				"${TARGET_BUILD_DIR}/${FRAMEWORKS_FOLDER_PATH}/Alamofire.framework",
				"${TARGET_BUILD_DIR}/${FRAMEWORKS_FOLDER_PATH}/AlamofireImage.framework",
				"${TARGET_BUILD_DIR}/${FRAMEWORKS_FOLDER_PATH}/GTMSessionFetcher.framework",
				"${TARGET_BUILD_DIR}/${FRAMEWORKS_FOLDER_PATH}/GoogleToolboxForMac.framework",
				"${TARGET_BUILD_DIR}/${FRAMEWORKS_FOLDER_PATH}/JSONHelper.framework",
				"${TARGET_BUILD_DIR}/${FRAMEWORKS_FOLDER_PATH}/PDFReader.framework",
				"${TARGET_BUILD_DIR}/${FRAMEWORKS_FOLDER_PATH}/PhotoEditorSDK.framework",
				"${DWARF_DSYM_FOLDER_PATH}/PhotoEditorSDK.framework.dSYM",
				"${TARGET_BUILD_DIR}/${FRAMEWORKS_FOLDER_PATH}/Protobuf.framework",
				"${TARGET_BUILD_DIR}/${FRAMEWORKS_FOLDER_PATH}/SDWebImage.framework",
				"${TARGET_BUILD_DIR}/${FRAMEWORKS_FOLDER_PATH}/SwiftyJSON.framework",
				"${TARGET_BUILD_DIR}/${FRAMEWORKS_FOLDER_PATH}/TTTAttributedLabel.framework",
				"${TARGET_BUILD_DIR}/${FRAMEWORKS_FOLDER_PATH}/YouTubePlayer.framework",
				"${TARGET_BUILD_DIR}/${FRAMEWORKS_FOLDER_PATH}/iOSPhotoEditor.framework",
				"${TARGET_BUILD_DIR}/${FRAMEWORKS_FOLDER_PATH}/leveldb.framework",
				"${TARGET_BUILD_DIR}/${FRAMEWORKS_FOLDER_PATH}/nanopb.framework",
			);
			runOnlyForDeploymentPostprocessing = 0;
			shellPath = /bin/sh;
			shellScript = "\"${SRCROOT}/Pods/Target Support Files/Pods-buildingTrades/Pods-buildingTrades-frameworks.sh\"\n";
			showEnvVarsInLog = 0;
		};
		F80F185766A7CEC3693D8C59 /* [CP] Check Pods Manifest.lock */ = {
			isa = PBXShellScriptBuildPhase;
			buildActionMask = 2147483647;
			files = (
			);
			inputPaths = (
				"${PODS_PODFILE_DIR_PATH}/Podfile.lock",
				"${PODS_ROOT}/Manifest.lock",
			);
			name = "[CP] Check Pods Manifest.lock";
			outputPaths = (
				"$(DERIVED_FILE_DIR)/Pods-buildingTradesUITests-checkManifestLockResult.txt",
			);
			runOnlyForDeploymentPostprocessing = 0;
			shellPath = /bin/sh;
			shellScript = "diff \"${PODS_PODFILE_DIR_PATH}/Podfile.lock\" \"${PODS_ROOT}/Manifest.lock\" > /dev/null\nif [ $? != 0 ] ; then\n    # print error to STDERR\n    echo \"error: The sandbox is not in sync with the Podfile.lock. Run 'pod install' or update your CocoaPods installation.\" >&2\n    exit 1\nfi\n# This output is used by Xcode 'outputs' to avoid re-running this script phase.\necho \"SUCCESS\" > \"${SCRIPT_OUTPUT_FILE_0}\"\n";
			showEnvVarsInLog = 0;
		};
/* End PBXShellScriptBuildPhase section */

/* Begin PBXSourcesBuildPhase section */
		CB22FA311F52428800973823 /* Sources */ = {
			isa = PBXSourcesBuildPhase;
			buildActionMask = 2147483647;
			files = (
				CBAA74C11F5326BC005D9C8C /* MapMainViewController.swift in Sources */,
				CBECD0CE1FB9764600277347 /* FacebookViewController.swift in Sources */,
				CB1A8A2C1F54E00C0087F29F /* ContactsViewController.swift in Sources */,
				CBEB97111FB903BC005DCF04 /* UserAccountViewController.swift in Sources */,
				CB36B8A21F524D3400E0C706 /* TableViewCell.swift in Sources */,
				CB36B8A41F524F2A00E0C706 /* MenuViewController.swift in Sources */,
				CBECD0D01FB9C65100277347 /* VideoViewController.swift in Sources */,
				CB52518B1FAFDD3000C49709 /* LoginViewController.swift in Sources */,
				CB1D74081FE86900002743BA /* WelcomeViewController.swift in Sources */,
				CBAA74C31F532BEF005D9C8C /* NodeLocations.swift in Sources */,
				CBAA74CA1F53AF15005D9C8C /* SiteDetailViewController.swift in Sources */,
				CB4BE5BF1FB9C95A008CDD8C /* Media.swift in Sources */,
				CB4BE5C41FB9D497008CDD8C /* EventsDetailViewController.swift in Sources */,
				CB36B8A61F5250C700E0C706 /* Website.swift in Sources */,
				CB22FA391F52428800973823 /* AppDelegate.swift in Sources */,
				CB2098DB1FAFF5EC0067F8FA /* MenuTableViewCell.swift in Sources */,
				CB97BAFA1FB91FF9004E1232 /* ImageWriterViewController.swift in Sources */,
				CBAA74C51F5340FD005D9C8C /* AddPinViewController.swift in Sources */,
				CB1A8A2E1F54E51F0087F29F /* Contractors.swift in Sources */,
				CBECD0CC1FB974F600277347 /* WebsiteViewController.swift in Sources */,
				CBECD0C81FB96E8100277347 /* PDFReadViewController.swift in Sources */,
				CB1A8A451F54F63B0087F29F /* NotificationFile.swift in Sources */,
				CB1A8A301F54E6010087F29F /* ContractorTableViewCell.swift in Sources */,
				CB1A8A321F54EC610087F29F /* AddContactsViewController.swift in Sources */,
				CB2098D91FAFF4BF0067F8FA /* MenuTooViewController.swift in Sources */,
				CB819D381FBA713600A94471 /* ViewController.swift in Sources */,
				CB36B8A01F5249EE00E0C706 /* SignUpViewController.swift in Sources */,
				CBAA74CC1F53B1C1005D9C8C /* CommentPostViewController.swift in Sources */,
				CB4BE5C11FB9D45D008CDD8C /* EventsViewController.swift in Sources */,
				CB22FA411F52428800973823 /* buildingTrades.xcdatamodeld in Sources */,
				CB36B8A81F52510600E0C706 /* Comments.swift in Sources */,
				CBECD0C61FB96A0300277347 /* ResourcesViewController.swift in Sources */,
				CB4BE5BD1FB9C74A008CDD8C /* VideoPlayerViewController.swift in Sources */,
				CB97BAFC1FB93428004E1232 /* Staff.swift in Sources */,
				CBAA74C81F53A787005D9C8C /* CommentsTableViewCell.swift in Sources */,
			);
			runOnlyForDeploymentPostprocessing = 0;
		};
		CB22FA481F52428800973823 /* Sources */ = {
			isa = PBXSourcesBuildPhase;
			buildActionMask = 2147483647;
			files = (
				CB22FA511F52428800973823 /* buildingTradesTests.swift in Sources */,
			);
			runOnlyForDeploymentPostprocessing = 0;
		};
		CB22FA531F52428800973823 /* Sources */ = {
			isa = PBXSourcesBuildPhase;
			buildActionMask = 2147483647;
			files = (
				CB22FA5C1F52428800973823 /* buildingTradesUITests.swift in Sources */,
			);
			runOnlyForDeploymentPostprocessing = 0;
		};
/* End PBXSourcesBuildPhase section */

/* Begin PBXTargetDependency section */
		CB22FA4E1F52428800973823 /* PBXTargetDependency */ = {
			isa = PBXTargetDependency;
			target = CB22FA341F52428800973823 /* buildingTrades */;
			targetProxy = CB22FA4D1F52428800973823 /* PBXContainerItemProxy */;
		};
		CB22FA591F52428800973823 /* PBXTargetDependency */ = {
			isa = PBXTargetDependency;
			target = CB22FA341F52428800973823 /* buildingTrades */;
			targetProxy = CB22FA581F52428800973823 /* PBXContainerItemProxy */;
		};
/* End PBXTargetDependency section */

/* Begin PBXVariantGroup section */
		CB22FA441F52428800973823 /* LaunchScreen.storyboard */ = {
			isa = PBXVariantGroup;
			children = (
				CB22FA451F52428800973823 /* Base */,
			);
			name = LaunchScreen.storyboard;
			sourceTree = "<group>";
		};
		CBA6F0501F53C7E40049F821 /* Main.storyboard */ = {
			isa = PBXVariantGroup;
			children = (
				CBA6F0511F53C7E40049F821 /* Base */,
			);
			name = Main.storyboard;
			sourceTree = "<group>";
		};
/* End PBXVariantGroup section */

/* Begin XCBuildConfiguration section */
		CB22FA5E1F52428800973823 /* Debug */ = {
			isa = XCBuildConfiguration;
			buildSettings = {
				ALWAYS_SEARCH_USER_PATHS = NO;
				CLANG_ANALYZER_NONNULL = YES;
				CLANG_ANALYZER_NUMBER_OBJECT_CONVERSION = YES_AGGRESSIVE;
				CLANG_CXX_LANGUAGE_STANDARD = "gnu++0x";
				CLANG_CXX_LIBRARY = "libc++";
				CLANG_ENABLE_MODULES = YES;
				CLANG_ENABLE_OBJC_ARC = YES;
				CLANG_WARN_BOOL_CONVERSION = YES;
				CLANG_WARN_CONSTANT_CONVERSION = YES;
				CLANG_WARN_DIRECT_OBJC_ISA_USAGE = YES_ERROR;
				CLANG_WARN_DOCUMENTATION_COMMENTS = YES;
				CLANG_WARN_EMPTY_BODY = YES;
				CLANG_WARN_ENUM_CONVERSION = YES;
				CLANG_WARN_INFINITE_RECURSION = YES;
				CLANG_WARN_INT_CONVERSION = YES;
				CLANG_WARN_OBJC_ROOT_CLASS = YES_ERROR;
				CLANG_WARN_SUSPICIOUS_MOVE = YES;
				CLANG_WARN_UNREACHABLE_CODE = YES;
				CLANG_WARN__DUPLICATE_METHOD_MATCH = YES;
				"CODE_SIGN_IDENTITY[sdk=iphoneos*]" = "iPhone Developer";
				COPY_PHASE_STRIP = NO;
				DEBUG_INFORMATION_FORMAT = dwarf;
				ENABLE_STRICT_OBJC_MSGSEND = YES;
				ENABLE_TESTABILITY = YES;
				GCC_C_LANGUAGE_STANDARD = gnu99;
				GCC_DYNAMIC_NO_PIC = NO;
				GCC_NO_COMMON_BLOCKS = YES;
				GCC_OPTIMIZATION_LEVEL = 0;
				GCC_PREPROCESSOR_DEFINITIONS = (
					"DEBUG=1",
					"$(inherited)",
				);
				GCC_WARN_64_TO_32_BIT_CONVERSION = YES;
				GCC_WARN_ABOUT_RETURN_TYPE = YES_ERROR;
				GCC_WARN_UNDECLARED_SELECTOR = YES;
				GCC_WARN_UNINITIALIZED_AUTOS = YES_AGGRESSIVE;
				GCC_WARN_UNUSED_FUNCTION = YES;
				GCC_WARN_UNUSED_VARIABLE = YES;
				IPHONEOS_DEPLOYMENT_TARGET = 10.3;
				MTL_ENABLE_DEBUG_INFO = YES;
				ONLY_ACTIVE_ARCH = YES;
				SDKROOT = iphoneos;
				SWIFT_ACTIVE_COMPILATION_CONDITIONS = DEBUG;
				SWIFT_OPTIMIZATION_LEVEL = "-Onone";
				TARGETED_DEVICE_FAMILY = "1,2";
			};
			name = Debug;
		};
		CB22FA5F1F52428800973823 /* Release */ = {
			isa = XCBuildConfiguration;
			buildSettings = {
				ALWAYS_SEARCH_USER_PATHS = NO;
				CLANG_ANALYZER_NONNULL = YES;
				CLANG_ANALYZER_NUMBER_OBJECT_CONVERSION = YES_AGGRESSIVE;
				CLANG_CXX_LANGUAGE_STANDARD = "gnu++0x";
				CLANG_CXX_LIBRARY = "libc++";
				CLANG_ENABLE_MODULES = YES;
				CLANG_ENABLE_OBJC_ARC = YES;
				CLANG_WARN_BOOL_CONVERSION = YES;
				CLANG_WARN_CONSTANT_CONVERSION = YES;
				CLANG_WARN_DIRECT_OBJC_ISA_USAGE = YES_ERROR;
				CLANG_WARN_DOCUMENTATION_COMMENTS = YES;
				CLANG_WARN_EMPTY_BODY = YES;
				CLANG_WARN_ENUM_CONVERSION = YES;
				CLANG_WARN_INFINITE_RECURSION = YES;
				CLANG_WARN_INT_CONVERSION = YES;
				CLANG_WARN_OBJC_ROOT_CLASS = YES_ERROR;
				CLANG_WARN_SUSPICIOUS_MOVE = YES;
				CLANG_WARN_UNREACHABLE_CODE = YES;
				CLANG_WARN__DUPLICATE_METHOD_MATCH = YES;
				"CODE_SIGN_IDENTITY[sdk=iphoneos*]" = "iPhone Developer";
				COPY_PHASE_STRIP = NO;
				DEBUG_INFORMATION_FORMAT = "dwarf-with-dsym";
				ENABLE_NS_ASSERTIONS = NO;
				ENABLE_STRICT_OBJC_MSGSEND = YES;
				GCC_C_LANGUAGE_STANDARD = gnu99;
				GCC_NO_COMMON_BLOCKS = YES;
				GCC_WARN_64_TO_32_BIT_CONVERSION = YES;
				GCC_WARN_ABOUT_RETURN_TYPE = YES_ERROR;
				GCC_WARN_UNDECLARED_SELECTOR = YES;
				GCC_WARN_UNINITIALIZED_AUTOS = YES_AGGRESSIVE;
				GCC_WARN_UNUSED_FUNCTION = YES;
				GCC_WARN_UNUSED_VARIABLE = YES;
				IPHONEOS_DEPLOYMENT_TARGET = 10.3;
				MTL_ENABLE_DEBUG_INFO = NO;
				SDKROOT = iphoneos;
				SWIFT_OPTIMIZATION_LEVEL = "-Owholemodule";
				TARGETED_DEVICE_FAMILY = "1,2";
				VALIDATE_PRODUCT = YES;
			};
			name = Release;
		};
		CB22FA611F52428800973823 /* Debug */ = {
			isa = XCBuildConfiguration;
			baseConfigurationReference = 0DDB50442C3F1F756711C482 /* Pods-buildingTrades.debug.xcconfig */;
			buildSettings = {
				ASSETCATALOG_COMPILER_APPICON_NAME = AppIcon;
				ASSETCATALOG_COMPILER_LAUNCHIMAGE_NAME = LaunchImage;
				CODE_SIGN_ENTITLEMENTS = buildingTrades/buildingTrades.entitlements;
				CODE_SIGN_IDENTITY = "iPhone Developer";
				"CODE_SIGN_IDENTITY[sdk=iphoneos*]" = "iPhone Developer";
				CODE_SIGN_STYLE = Automatic;
				CURRENT_PROJECT_VERSION = 18;
				DEVELOPMENT_TEAM = V243T33UAS;
				INFOPLIST_FILE = buildingTrades/Info.plist;
				IPHONEOS_DEPLOYMENT_TARGET = 11.0;
				LD_RUNPATH_SEARCH_PATHS = "$(inherited) @executable_path/Frameworks";
				PRODUCT_BUNDLE_IDENTIFIER = millionacrenest.BTrades;
				PRODUCT_NAME = "$(TARGET_NAME)";
				PROVISIONING_PROFILE_SPECIFIER = "";
				SWIFT_VERSION = 3.0;
				VERSIONING_SYSTEM = "apple-generic";
			};
			name = Debug;
		};
		CB22FA621F52428800973823 /* Release */ = {
			isa = XCBuildConfiguration;
			baseConfigurationReference = 97E113C140C99DB3A4CFABC5 /* Pods-buildingTrades.release.xcconfig */;
			buildSettings = {
				ASSETCATALOG_COMPILER_APPICON_NAME = AppIcon;
				ASSETCATALOG_COMPILER_LAUNCHIMAGE_NAME = LaunchImage;
				CODE_SIGN_ENTITLEMENTS = buildingTrades/buildingTrades.entitlements;
				CODE_SIGN_IDENTITY = "iPhone Developer";
				"CODE_SIGN_IDENTITY[sdk=iphoneos*]" = "iPhone Developer";
				CODE_SIGN_STYLE = Automatic;
				CURRENT_PROJECT_VERSION = 18;
				DEVELOPMENT_TEAM = V243T33UAS;
				INFOPLIST_FILE = buildingTrades/Info.plist;
				IPHONEOS_DEPLOYMENT_TARGET = 11.0;
				LD_RUNPATH_SEARCH_PATHS = "$(inherited) @executable_path/Frameworks";
				PRODUCT_BUNDLE_IDENTIFIER = millionacrenest.BTrades;
				PRODUCT_NAME = "$(TARGET_NAME)";
				PROVISIONING_PROFILE_SPECIFIER = "";
				SWIFT_VERSION = 3.0;
				VERSIONING_SYSTEM = "apple-generic";
			};
			name = Release;
		};
		CB22FA641F52428800973823 /* Debug */ = {
			isa = XCBuildConfiguration;
			baseConfigurationReference = 2F12C70433F39F7656305185 /* Pods-buildingTradesTests.debug.xcconfig */;
			buildSettings = {
				ALWAYS_EMBED_SWIFT_STANDARD_LIBRARIES = YES;
				BUNDLE_LOADER = "$(TEST_HOST)";
				DEVELOPMENT_TEAM = V243T33UAS;
				INFOPLIST_FILE = buildingTradesTests/Info.plist;
				LD_RUNPATH_SEARCH_PATHS = "$(inherited) @executable_path/Frameworks @loader_path/Frameworks";
				PRODUCT_BUNDLE_IDENTIFIER = millionacrenest.buildingTradesTests;
				PRODUCT_NAME = "$(TARGET_NAME)";
				SWIFT_VERSION = 3.0;
				TEST_HOST = "$(BUILT_PRODUCTS_DIR)/buildingTrades.app/buildingTrades";
			};
			name = Debug;
		};
		CB22FA651F52428800973823 /* Release */ = {
			isa = XCBuildConfiguration;
			baseConfigurationReference = 038FFFBFA04A33FBD00980FA /* Pods-buildingTradesTests.release.xcconfig */;
			buildSettings = {
				ALWAYS_EMBED_SWIFT_STANDARD_LIBRARIES = YES;
				BUNDLE_LOADER = "$(TEST_HOST)";
				DEVELOPMENT_TEAM = V243T33UAS;
				INFOPLIST_FILE = buildingTradesTests/Info.plist;
				LD_RUNPATH_SEARCH_PATHS = "$(inherited) @executable_path/Frameworks @loader_path/Frameworks";
				PRODUCT_BUNDLE_IDENTIFIER = millionacrenest.buildingTradesTests;
				PRODUCT_NAME = "$(TARGET_NAME)";
				SWIFT_VERSION = 3.0;
				TEST_HOST = "$(BUILT_PRODUCTS_DIR)/buildingTrades.app/buildingTrades";
			};
			name = Release;
		};
		CB22FA671F52428800973823 /* Debug */ = {
			isa = XCBuildConfiguration;
			baseConfigurationReference = D15C599694367BA8BB2D6F0B /* Pods-buildingTradesUITests.debug.xcconfig */;
			buildSettings = {
				ALWAYS_EMBED_SWIFT_STANDARD_LIBRARIES = YES;
				DEVELOPMENT_TEAM = V243T33UAS;
				INFOPLIST_FILE = buildingTradesUITests/Info.plist;
				LD_RUNPATH_SEARCH_PATHS = "$(inherited) @executable_path/Frameworks @loader_path/Frameworks";
				PRODUCT_BUNDLE_IDENTIFIER = millionacrenest.buildingTradesUITests;
				PRODUCT_NAME = "$(TARGET_NAME)";
				SWIFT_VERSION = 3.0;
				TEST_TARGET_NAME = buildingTrades;
			};
			name = Debug;
		};
		CB22FA681F52428800973823 /* Release */ = {
			isa = XCBuildConfiguration;
			baseConfigurationReference = 03E703F5EAF1DFACA5808245 /* Pods-buildingTradesUITests.release.xcconfig */;
			buildSettings = {
				ALWAYS_EMBED_SWIFT_STANDARD_LIBRARIES = YES;
				DEVELOPMENT_TEAM = V243T33UAS;
				INFOPLIST_FILE = buildingTradesUITests/Info.plist;
				LD_RUNPATH_SEARCH_PATHS = "$(inherited) @executable_path/Frameworks @loader_path/Frameworks";
				PRODUCT_BUNDLE_IDENTIFIER = millionacrenest.buildingTradesUITests;
				PRODUCT_NAME = "$(TARGET_NAME)";
				SWIFT_VERSION = 3.0;
				TEST_TARGET_NAME = buildingTrades;
			};
			name = Release;
		};
/* End XCBuildConfiguration section */

/* Begin XCConfigurationList section */
		CB22FA301F52428800973823 /* Build configuration list for PBXProject "buildingTrades" */ = {
			isa = XCConfigurationList;
			buildConfigurations = (
				CB22FA5E1F52428800973823 /* Debug */,
				CB22FA5F1F52428800973823 /* Release */,
			);
			defaultConfigurationIsVisible = 0;
			defaultConfigurationName = Release;
		};
		CB22FA601F52428800973823 /* Build configuration list for PBXNativeTarget "buildingTrades" */ = {
			isa = XCConfigurationList;
			buildConfigurations = (
				CB22FA611F52428800973823 /* Debug */,
				CB22FA621F52428800973823 /* Release */,
			);
			defaultConfigurationIsVisible = 0;
			defaultConfigurationName = Release;
		};
		CB22FA631F52428800973823 /* Build configuration list for PBXNativeTarget "buildingTradesTests" */ = {
			isa = XCConfigurationList;
			buildConfigurations = (
				CB22FA641F52428800973823 /* Debug */,
				CB22FA651F52428800973823 /* Release */,
			);
			defaultConfigurationIsVisible = 0;
			defaultConfigurationName = Release;
		};
		CB22FA661F52428800973823 /* Build configuration list for PBXNativeTarget "buildingTradesUITests" */ = {
			isa = XCConfigurationList;
			buildConfigurations = (
				CB22FA671F52428800973823 /* Debug */,
				CB22FA681F52428800973823 /* Release */,
			);
			defaultConfigurationIsVisible = 0;
			defaultConfigurationName = Release;
		};
/* End XCConfigurationList section */

/* Begin XCVersionGroup section */
		CB22FA3F1F52428800973823 /* buildingTrades.xcdatamodeld */ = {
			isa = XCVersionGroup;
			children = (
				CB22FA401F52428800973823 /* buildingTrades.xcdatamodel */,
			);
			currentVersion = CB22FA401F52428800973823 /* buildingTrades.xcdatamodel */;
			path = buildingTrades.xcdatamodeld;
			sourceTree = "<group>";
			versionGroupType = wrapper.xcdatamodel;
		};
/* End XCVersionGroup section */
	};
	rootObject = CB22FA2D1F52428800973823 /* Project object */;
}
